{
  "name": "@digitalocean/mcp",
  "version": "1.0.13",
  "lockfileVersion": 3,
  "requires": true,
  "packages": {
    "": {
      "name": "@digitalocean/mcp",
      "version": "1.0.13",
      "cpu": [
        "x64",
        "arm64"
      ],
      "license": "MIT",
      "os": [
        "darwin",
        "linux",
        "win32"
      ],
      "bin": {
        "mcp": "index.js"
      },
      "engines": {
        "node": ">=18.0.0"
      }
    }
  }
}
